// !$*UTF8*$!
{
	archiveVersion = 1;
	classes = {
	};
	objectVersion = 77;
	objects = {

/* Begin PBXBuildFile section */
		C65C20422EDA52FC0032FB52 /* SwiftUIPopover.swift in Sources */ = {isa = PBXBuildFile; fileRef = C65C20412EDA52F10032FB52 /* SwiftUIPopover.swift */; };
		C65C20452EDA597D0032FB52 /* ProofingGoal.swift in Sources */ = {isa = PBXBuildFile; fileRef = C65C20442EDA59790032FB52 /* ProofingGoal.swift */; };
		C66D61EA2EE8597C006882BB /* ConfigurationService.swift in Sources */ = {isa = PBXBuildFile; fileRef = C66D61E92EE8597C006882BB /* ConfigurationService.swift */; };
		C66D61EC2EE8599D006882BB /* SettingsView.swift in Sources */ = {isa = PBXBuildFile; fileRef = C66D61EB2EE8599D006882BB /* SettingsView.swift */; };
		C680559A2EE86E3E0064E06A /* ProofreadingView.swift in Sources */ = {isa = PBXBuildFile; fileRef = C68055992EE86E3E0064E06A /* ProofreadingView.swift */; };
		C695C67F2ED5D6F800D1BEED /* ProofApp.swift in Sources */ = {isa = PBXBuildFile; fileRef = C695C67B2ED5D6F800D1BEED /* ProofApp.swift */; };
		C695C6812ED5DE1400D1BEED /* ProofView.swift in Sources */ = {isa = PBXBuildFile; fileRef = C695C6802ED5DE1200D1BEED /* ProofView.swift */; };
		C695C6852ED5E06D00D1BEED /* ProofreadingService.swift in Sources */ = {isa = PBXBuildFile; fileRef = C695C6842ED5E06800D1BEED /* ProofreadingService.swift */; };
		C695C6A42ED5EC9700D1BEED /* ProofAppDelegate.swift in Sources */ = {isa = PBXBuildFile; fileRef = C695C6A32ED5EC9100D1BEED /* ProofAppDelegate.swift */; };
		C695C6A82ED5ECEE00D1BEED /* ServiceHandler.swift in Sources */ = {isa = PBXBuildFile; fileRef = C695C6A72ED5ECED00D1BEED /* ServiceHandler.swift */; };
		C695C6C62ED60F6900D1BEED /* Proof.icon in Resources */ = {isa = PBXBuildFile; fileRef = C695C6C52ED60F6900D1BEED /* Proof.icon */; };
		C695C6C82ED6102900D1BEED /* Assets.xcassets in Resources */ = {isa = PBXBuildFile; fileRef = C695C6C72ED6102900D1BEED /* Assets.xcassets */; };
		C6E42E212F2BB343005F0852 /* MacEditor.swift in Sources */ = {isa = PBXBuildFile; fileRef = C6E42E202F2BB342005F0852 /* MacEditor.swift */; };
/* End PBXBuildFile section */

/* Begin PBXCopyFilesBuildPhase section */
		C6330F5E2ED8612300CB7034 /* Embed XPC Services */ = {
			isa = PBXCopyFilesBuildPhase;
			buildActionMask = 2147483647;
			dstPath = "$(CONTENTS_FOLDER_PATH)/XPCServices";
			dstSubfolderSpec = 16;
			files = (
			);
			name = "Embed XPC Services";
			runOnlyForDeploymentPostprocessing = 0;
		};
/* End PBXCopyFilesBuildPhase section */

/* Begin PBXFileReference section */
		C65C20412EDA52F10032FB52 /* SwiftUIPopover.swift */ = {isa = PBXFileReference; lastKnownFileType = sourcecode.swift; path = SwiftUIPopover.swift; sourceTree = "<group>"; };
		C65C20442EDA59790032FB52 /* ProofingGoal.swift */ = {isa = PBXFileReference; lastKnownFileType = sourcecode.swift; path = ProofingGoal.swift; sourceTree = "<group>"; };
		C66D61E92EE8597C006882BB /* ConfigurationService.swift */ = {isa = PBXFileReference; lastKnownFileType = sourcecode.swift; path = ConfigurationService.swift; sourceTree = "<group>"; };
		C66D61EB2EE8599D006882BB /* SettingsView.swift */ = {isa = PBXFileReference; lastKnownFileType = sourcecode.swift; path = SettingsView.swift; sourceTree = "<group>"; };
		C6702D692EE88BEB00DFADDA /* LICENSE */ = {isa = PBXFileReference; lastKnownFileType = text; path = LICENSE; sourceTree = "<group>"; };
		C6702D6A2EE88BEB00DFADDA /* README.md */ = {isa = PBXFileReference; lastKnownFileType = net.daringfireball.markdown; path = README.md; sourceTree = "<group>"; };
		C68055992EE86E3E0064E06A /* ProofreadingView.swift */ = {isa = PBXFileReference; lastKnownFileType = sourcecode.swift; path = ProofreadingView.swift; sourceTree = "<group>"; };
		C695C6692ED5CD2A00D1BEED /* Proof.app */ = {isa = PBXFileReference; explicitFileType = wrapper.application; includeInIndex = 0; path = Proof.app; sourceTree = BUILT_PRODUCTS_DIR; };
		C695C67A2ED5D6F800D1BEED /* Info.plist */ = {isa = PBXFileReference; lastKnownFileType = text.plist.xml; path = Info.plist; sourceTree = "<group>"; };
		C695C67B2ED5D6F800D1BEED /* ProofApp.swift */ = {isa = PBXFileReference; lastKnownFileType = sourcecode.swift; path = ProofApp.swift; sourceTree = "<group>"; };
		C695C6802ED5DE1200D1BEED /* ProofView.swift */ = {isa = PBXFileReference; lastKnownFileType = sourcecode.swift; path = ProofView.swift; sourceTree = "<group>"; };
		C695C6842ED5E06800D1BEED /* ProofreadingService.swift */ = {isa = PBXFileReference; lastKnownFileType = sourcecode.swift; path = ProofreadingService.swift; sourceTree = "<group>"; };
		C695C6A32ED5EC9100D1BEED /* ProofAppDelegate.swift */ = {isa = PBXFileReference; lastKnownFileType = sourcecode.swift; path = ProofAppDelegate.swift; sourceTree = "<group>"; };
		C695C6A72ED5ECED00D1BEED /* ServiceHandler.swift */ = {isa = PBXFileReference; lastKnownFileType = sourcecode.swift; path = ServiceHandler.swift; sourceTree = "<group>"; };
		C695C6C52ED60F6900D1BEED /* Proof.icon */ = {isa = PBXFileReference; lastKnownFileType = folder.iconcomposer.icon; path = Proof.icon; sourceTree = "<group>"; };
		C695C6C72ED6102900D1BEED /* Assets.xcassets */ = {isa = PBXFileReference; lastKnownFileType = folder.assetcatalog; path = Assets.xcassets; sourceTree = "<group>"; };
		C6E42E202F2BB342005F0852 /* MacEditor.swift */ = {isa = PBXFileReference; lastKnownFileType = sourcecode.swift; path = MacEditor.swift; sourceTree = "<group>"; };
/* End PBXFileReference section */

/* Begin PBXFrameworksBuildPhase section */
		C695C6662ED5CD2A00D1BEED /* Frameworks */ = {
			isa = PBXFrameworksBuildPhase;
			buildActionMask = 2147483647;
			files = (
			);
			runOnlyForDeploymentPostprocessing = 0;
		};
/* End PBXFrameworksBuildPhase section */

/* Begin PBXGroup section */
		C65C20432EDA595B0032FB52 /* Enums */ = {
			isa = PBXGroup;
			children = (
				C65C20442EDA59790032FB52 /* ProofingGoal.swift */,
			);
			path = Enums;
			sourceTree = "<group>";
		};
		C695C6602ED5CD2A00D1BEED = {
			isa = PBXGroup;
			children = (
				C695C67C2ED5D6F800D1BEED /* Proof */,
				C6702D692EE88BEB00DFADDA /* LICENSE */,
				C6702D6A2EE88BEB00DFADDA /* README.md */,
				C695C66A2ED5CD2A00D1BEED /* Products */,
			);
			sourceTree = "<group>";
		};
		C695C66A2ED5CD2A00D1BEED /* Products */ = {
			isa = PBXGroup;
			children = (
				C695C6692ED5CD2A00D1BEED /* Proof.app */,
			);
			name = Products;
			sourceTree = "<group>";
		};
		C695C67C2ED5D6F800D1BEED /* Proof */ = {
			isa = PBXGroup;
			children = (
				C695C67B2ED5D6F800D1BEED /* ProofApp.swift */,
				C695C6A32ED5EC9100D1BEED /* ProofAppDelegate.swift */,
				C695C6A62ED5ECDC00D1BEED /* AppKit */,
				C695C69F2ED5EC5B00D1BEED /* Views */,
				C695C6A52ED5ECCB00D1BEED /* Services */,
				C65C20432EDA595B0032FB52 /* Enums */,
				C695C6A22ED5EC7600D1BEED /* Supporting Files */,
			);
			path = Proof;
			sourceTree = "<group>";
		};
		C695C69F2ED5EC5B00D1BEED /* Views */ = {
			isa = PBXGroup;
			children = (
				C695C6802ED5DE1200D1BEED /* ProofView.swift */,
				C66D61EB2EE8599D006882BB /* SettingsView.swift */,
				C68055992EE86E3E0064E06A /* ProofreadingView.swift */,
			);
			path = Views;
			sourceTree = "<group>";
		};
		C695C6A22ED5EC7600D1BEED /* Supporting Files */ = {
			isa = PBXGroup;
			children = (
				C695C67A2ED5D6F800D1BEED /* Info.plist */,
				C695C6C72ED6102900D1BEED /* Assets.xcassets */,
				C695C6C52ED60F6900D1BEED /* Proof.icon */,
			);
			path = "Supporting Files";
			sourceTree = "<group>";
		};
		C695C6A52ED5ECCB00D1BEED /* Services */ = {
			isa = PBXGroup;
			children = (
				C695C6A72ED5ECED00D1BEED /* ServiceHandler.swift */,
				C695C6842ED5E06800D1BEED /* ProofreadingService.swift */,
				C66D61E92EE8597C006882BB /* ConfigurationService.swift */,
			);
			path = Services;
			sourceTree = "<group>";
		};
		C695C6A62ED5ECDC00D1BEED /* AppKit */ = {
			isa = PBXGroup;
			children = (
				C65C20412EDA52F10032FB52 /* SwiftUIPopover.swift */,
				C6E42E202F2BB342005F0852 /* MacEditor.swift */,
			);
			path = AppKit;
			sourceTree = "<group>";
		};
/* End PBXGroup section */

/* Begin PBXNativeTarget section */
		C695C6682ED5CD2A00D1BEED /* Proof */ = {
			isa = PBXNativeTarget;
			buildConfigurationList = C695C6742ED5CD2B00D1BEED /* Build configuration list for PBXNativeTarget "Proof" */;
			buildPhases = (
				C695C6652ED5CD2A00D1BEED /* Sources */,
				C695C6662ED5CD2A00D1BEED /* Frameworks */,
				C695C6672ED5CD2A00D1BEED /* Resources */,
				C6330F5E2ED8612300CB7034 /* Embed XPC Services */,
			);
			buildRules = (
			);
			dependencies = (
			);
			name = Proof;
			packageProductDependencies = (
			);
			productName = Proof;
			productReference = C695C6692ED5CD2A00D1BEED /* Proof.app */;
			productType = "com.apple.product-type.application";
		};
/* End PBXNativeTarget section */

/* Begin PBXProject section */
		C695C6612ED5CD2A00D1BEED /* Project object */ = {
			isa = PBXProject;
			attributes = {
				BuildIndependentTargetsInParallel = 1;
				LastSwiftUpdateCheck = 2610;
				LastUpgradeCheck = 2620;
				TargetAttributes = {
					C695C6682ED5CD2A00D1BEED = {
						CreatedOnToolsVersion = 26.1.1;
					};
				};
			};
			buildConfigurationList = C695C6642ED5CD2A00D1BEED /* Build configuration list for PBXProject "Proof" */;
			developmentRegion = en;
			hasScannedForEncodings = 0;
			knownRegions = (
				en,
				Base,
			);
			mainGroup = C695C6602ED5CD2A00D1BEED;
			minimizedProjectReferenceProxies = 1;
			preferredProjectObjectVersion = 77;
			productRefGroup = C695C66A2ED5CD2A00D1BEED /* Products */;
			projectDirPath = "";
			projectRoot = "";
			targets = (
				C695C6682ED5CD2A00D1BEED /* Proof */,
			);
		};
/* End PBXProject section */

/* Begin PBXResourcesBuildPhase section */
		C695C6672ED5CD2A00D1BEED /* Resources */ = {
			isa = PBXResourcesBuildPhase;
			buildActionMask = 2147483647;
			files = (
				C695C6C82ED6102900D1BEED /* Assets.xcassets in Resources */,
				C695C6C62ED60F6900D1BEED /* Proof.icon in Resources */,
			);
			runOnlyForDeploymentPostprocessing = 0;
		};
/* End PBXResourcesBuildPhase section */

/* Begin PBXSourcesBuildPhase section */
		C695C6652ED5CD2A00D1BEED /* Sources */ = {
			isa = PBXSourcesBuildPhase;
			buildActionMask = 2147483647;
			files = (
				C6E42E212F2BB343005F0852 /* MacEditor.swift in Sources */,
				C65C20422EDA52FC0032FB52 /* SwiftUIPopover.swift in Sources */,
				C695C6812ED5DE1400D1BEED /* ProofView.swift in Sources */,
				C695C6A82ED5ECEE00D1BEED /* ServiceHandler.swift in Sources */,
				C66D61EC2EE8599D006882BB /* SettingsView.swift in Sources */,
				C680559A2EE86E3E0064E06A /* ProofreadingView.swift in Sources */,
				C695C6852ED5E06D00D1BEED /* ProofreadingService.swift in Sources */,
				C65C20452EDA597D0032FB52 /* ProofingGoal.swift in Sources */,
				C695C67F2ED5D6F800D1BEED /* ProofApp.swift in Sources */,
				C66D61EA2EE8597C006882BB /* ConfigurationService.swift in Sources */,
				C695C6A42ED5EC9700D1BEED /* ProofAppDelegate.swift in Sources */,
			);
			runOnlyForDeploymentPostprocessing = 0;
		};
/* End PBXSourcesBuildPhase section */

/* Begin XCBuildConfiguration section */
		C695C6722ED5CD2B00D1BEED /* Debug */ = {
			isa = XCBuildConfiguration;
			buildSettings = {
				ALWAYS_SEARCH_USER_PATHS = NO;
				ASSETCATALOG_COMPILER_GENERATE_SWIFT_ASSET_SYMBOL_EXTENSIONS = YES;
				CLANG_ANALYZER_NONNULL = YES;
				CLANG_ANALYZER_NUMBER_OBJECT_CONVERSION = YES_AGGRESSIVE;
				CLANG_CXX_LANGUAGE_STANDARD = "gnu++20";
				CLANG_ENABLE_MODULES = YES;
				CLANG_ENABLE_OBJC_ARC = YES;
				CLANG_ENABLE_OBJC_WEAK = YES;
				CLANG_WARN_BLOCK_CAPTURE_AUTORELEASING = YES;
				CLANG_WARN_BOOL_CONVERSION = YES;
				CLANG_WARN_COMMA = YES;
				CLANG_WARN_CONSTANT_CONVERSION = YES;
				CLANG_WARN_DEPRECATED_OBJC_IMPLEMENTATIONS = YES;
				CLANG_WARN_DIRECT_OBJC_ISA_USAGE = YES_ERROR;
				CLANG_WARN_DOCUMENTATION_COMMENTS = YES;
				CLANG_WARN_EMPTY_BODY = YES;
				CLANG_WARN_ENUM_CONVERSION = YES;
				CLANG_WARN_INFINITE_RECURSION = YES;
				CLANG_WARN_INT_CONVERSION = YES;
				CLANG_WARN_NON_LITERAL_NULL_CONVERSION = YES;
				CLANG_WARN_OBJC_IMPLICIT_RETAIN_SELF = YES;
				CLANG_WARN_OBJC_LITERAL_CONVERSION = YES;
				CLANG_WARN_OBJC_ROOT_CLASS = YES_ERROR;
				CLANG_WARN_QUOTED_INCLUDE_IN_FRAMEWORK_HEADER = YES;
				CLANG_WARN_RANGE_LOOP_ANALYSIS = YES;
				CLANG_WARN_STRICT_PROTOTYPES = YES;
				CLANG_WARN_SUSPICIOUS_MOVE = YES;
				CLANG_WARN_UNGUARDED_AVAILABILITY = YES_AGGRESSIVE;
				CLANG_WARN_UNREACHABLE_CODE = YES;
				CLANG_WARN__DUPLICATE_METHOD_MATCH = YES;
				COPY_PHASE_STRIP = NO;
				DEAD_CODE_STRIPPING = YES;
				DEBUG_INFORMATION_FORMAT = dwarf;
				DEVELOPMENT_TEAM = CGBRB86RM7;
				ENABLE_STRICT_OBJC_MSGSEND = YES;
				ENABLE_TESTABILITY = YES;
				ENABLE_USER_SCRIPT_SANDBOXING = YES;
				GCC_C_LANGUAGE_STANDARD = gnu17;
				GCC_DYNAMIC_NO_PIC = NO;
				GCC_NO_COMMON_BLOCKS = YES;
				GCC_OPTIMIZATION_LEVEL = 0;
				GCC_PREPROCESSOR_DEFINITIONS = (
					"DEBUG=1",
					"$(inherited)",
				);
				GCC_WARN_64_TO_32_BIT_CONVERSION = YES;
				GCC_WARN_ABOUT_RETURN_TYPE = YES_ERROR;
				GCC_WARN_UNDECLARED_SELECTOR = YES;
				GCC_WARN_UNINITIALIZED_AUTOS = YES_AGGRESSIVE;
				GCC_WARN_UNUSED_FUNCTION = YES;
				GCC_WARN_UNUSED_VARIABLE = YES;
				LOCALIZATION_PREFERS_STRING_CATALOGS = YES;
				MACOSX_DEPLOYMENT_TARGET = 26.1;
				MTL_ENABLE_DEBUG_INFO = INCLUDE_SOURCE;
				MTL_FAST_MATH = YES;
				ONLY_ACTIVE_ARCH = YES;
				SDKROOT = macosx;
				STRING_CATALOG_GENERATE_SYMBOLS = YES;
				SWIFT_ACTIVE_COMPILATION_CONDITIONS = "DEBUG $(inherited)";
				SWIFT_OPTIMIZATION_LEVEL = "-Onone";
			};
			name = Debug;
		};
		C695C6732ED5CD2B00D1BEED /* Release */ = {
			isa = XCBuildConfiguration;
			buildSettings = {
				ALWAYS_SEARCH_USER_PATHS = NO;
				ASSETCATALOG_COMPILER_GENERATE_SWIFT_ASSET_SYMBOL_EXTENSIONS = YES;
				CLANG_ANALYZER_NONNULL = YES;
				CLANG_ANALYZER_NUMBER_OBJECT_CONVERSION = YES_AGGRESSIVE;
				CLANG_CXX_LANGUAGE_STANDARD = "gnu++20";
				CLANG_ENABLE_MODULES = YES;
				CLANG_ENABLE_OBJC_ARC = YES;
				CLANG_ENABLE_OBJC_WEAK = YES;
				CLANG_WARN_BLOCK_CAPTURE_AUTORELEASING = YES;
				CLANG_WARN_BOOL_CONVERSION = YES;
				CLANG_WARN_COMMA = YES;
				CLANG_WARN_CONSTANT_CONVERSION = YES;
				CLANG_WARN_DEPRECATED_OBJC_IMPLEMENTATIONS = YES;
				CLANG_WARN_DIRECT_OBJC_ISA_USAGE = YES_ERROR;
				CLANG_WARN_DOCUMENTATION_COMMENTS = YES;
				CLANG_WARN_EMPTY_BODY = YES;
				CLANG_WARN_ENUM_CONVERSION = YES;
				CLANG_WARN_INFINITE_RECURSION = YES;
				CLANG_WARN_INT_CONVERSION = YES;
				CLANG_WARN_NON_LITERAL_NULL_CONVERSION = YES;
				CLANG_WARN_OBJC_IMPLICIT_RETAIN_SELF = YES;
				CLANG_WARN_OBJC_LITERAL_CONVERSION = YES;
				CLANG_WARN_OBJC_ROOT_CLASS = YES_ERROR;
				CLANG_WARN_QUOTED_INCLUDE_IN_FRAMEWORK_HEADER = YES;
				CLANG_WARN_RANGE_LOOP_ANALYSIS = YES;
				CLANG_WARN_STRICT_PROTOTYPES = YES;
				CLANG_WARN_SUSPICIOUS_MOVE = YES;
				CLANG_WARN_UNGUARDED_AVAILABILITY = YES_AGGRESSIVE;
				CLANG_WARN_UNREACHABLE_CODE = YES;
				CLANG_WARN__DUPLICATE_METHOD_MATCH = YES;
				COPY_PHASE_STRIP = NO;
				DEAD_CODE_STRIPPING = YES;
				DEBUG_INFORMATION_FORMAT = "dwarf-with-dsym";
				DEVELOPMENT_TEAM = CGBRB86RM7;
				ENABLE_NS_ASSERTIONS = NO;
				ENABLE_STRICT_OBJC_MSGSEND = YES;
				ENABLE_USER_SCRIPT_SANDBOXING = YES;
				GCC_C_LANGUAGE_STANDARD = gnu17;
				GCC_NO_COMMON_BLOCKS = YES;
				GCC_WARN_64_TO_32_BIT_CONVERSION = YES;
				GCC_WARN_ABOUT_RETURN_TYPE = YES_ERROR;
				GCC_WARN_UNDECLARED_SELECTOR = YES;
				GCC_WARN_UNINITIALIZED_AUTOS = YES_AGGRESSIVE;
				GCC_WARN_UNUSED_FUNCTION = YES;
				GCC_WARN_UNUSED_VARIABLE = YES;
				LOCALIZATION_PREFERS_STRING_CATALOGS = YES;
				MACOSX_DEPLOYMENT_TARGET = 26.1;
				MTL_ENABLE_DEBUG_INFO = NO;
				MTL_FAST_MATH = YES;
				SDKROOT = macosx;
				STRING_CATALOG_GENERATE_SYMBOLS = YES;
				SWIFT_COMPILATION_MODE = wholemodule;
			};
			name = Release;
		};
		C695C6752ED5CD2B00D1BEED /* Debug */ = {
			isa = XCBuildConfiguration;
			buildSettings = {
				ASSETCATALOG_COMPILER_APPICON_NAME = Proof;
				ASSETCATALOG_COMPILER_GLOBAL_ACCENT_COLOR_NAME = AccentColor;
				"CODE_SIGN_IDENTITY[sdk=macosx*]" = "Developer ID Application";
				CODE_SIGN_STYLE = Manual;
				COMBINE_HIDPI_IMAGES = YES;
				CURRENT_PROJECT_VERSION = 1;
				DEAD_CODE_STRIPPING = YES;
				DEVELOPMENT_TEAM = "";
				"DEVELOPMENT_TEAM[sdk=macosx*]" = CGBRB86RM7;
				ENABLE_APP_SANDBOX = YES;
				ENABLE_HARDENED_RUNTIME = YES;
				ENABLE_INCOMING_NETWORK_CONNECTIONS = NO;
				ENABLE_OUTGOING_NETWORK_CONNECTIONS = YES;
				ENABLE_PREVIEWS = YES;
				ENABLE_RESOURCE_ACCESS_AUDIO_INPUT = NO;
				ENABLE_RESOURCE_ACCESS_BLUETOOTH = NO;
				ENABLE_RESOURCE_ACCESS_CALENDARS = NO;
				ENABLE_RESOURCE_ACCESS_CAMERA = NO;
				ENABLE_RESOURCE_ACCESS_CONTACTS = NO;
				ENABLE_RESOURCE_ACCESS_LOCATION = NO;
				ENABLE_RESOURCE_ACCESS_PRINTING = NO;
				ENABLE_RESOURCE_ACCESS_USB = NO;
				GENERATE_INFOPLIST_FILE = YES;
				INFOPLIST_FILE = "Proof/Supporting Files/Info.plist";
				INFOPLIST_KEY_LSApplicationCategoryType = "public.app-category.productivity";
				INFOPLIST_KEY_NSHumanReadableCopyright = "";
				LD_RUNPATH_SEARCH_PATHS = (
					"$(inherited)",
					"@executable_path/../Frameworks",
				);
				MACOSX_DEPLOYMENT_TARGET = 15.0;
				MARKETING_VERSION = 1.0;
				PRODUCT_BUNDLE_IDENTIFIER = mhroshev.Proof;
				PRODUCT_NAME = "$(TARGET_NAME)";
				PROVISIONING_PROFILE_SPECIFIER = "";
				REGISTER_APP_GROUPS = YES;
				STRING_CATALOG_GENERATE_SYMBOLS = YES;
				SWIFT_APPROACHABLE_CONCURRENCY = YES;
				SWIFT_DEFAULT_ACTOR_ISOLATION = MainActor;
				SWIFT_EMIT_LOC_STRINGS = YES;
				SWIFT_UPCOMING_FEATURE_MEMBER_IMPORT_VISIBILITY = YES;
				SWIFT_VERSION = 5.0;
			};
			name = Debug;
		};
		C695C6762ED5CD2B00D1BEED /* Release */ = {
			isa = XCBuildConfiguration;
			buildSettings = {
				ASSETCATALOG_COMPILER_APPICON_NAME = Proof;
				ASSETCATALOG_COMPILER_GLOBAL_ACCENT_COLOR_NAME = AccentColor;
				"CODE_SIGN_IDENTITY[sdk=macosx*]" = "Developer ID Application";
				CODE_SIGN_STYLE = Manual;
				COMBINE_HIDPI_IMAGES = YES;
				CURRENT_PROJECT_VERSION = 1;
				DEAD_CODE_STRIPPING = YES;
				DEVELOPMENT_TEAM = "";
				"DEVELOPMENT_TEAM[sdk=macosx*]" = CGBRB86RM7;
				ENABLE_APP_SANDBOX = YES;
				ENABLE_HARDENED_RUNTIME = YES;
				ENABLE_INCOMING_NETWORK_CONNECTIONS = NO;
				ENABLE_OUTGOING_NETWORK_CONNECTIONS = YES;
				ENABLE_PREVIEWS = YES;
				ENABLE_RESOURCE_ACCESS_AUDIO_INPUT = NO;
				ENABLE_RESOURCE_ACCESS_BLUETOOTH = NO;
				ENABLE_RESOURCE_ACCESS_CALENDARS = NO;
				ENABLE_RESOURCE_ACCESS_CAMERA = NO;
				ENABLE_RESOURCE_ACCESS_CONTACTS = NO;
				ENABLE_RESOURCE_ACCESS_LOCATION = NO;
				ENABLE_RESOURCE_ACCESS_PRINTING = NO;
				ENABLE_RESOURCE_ACCESS_USB = NO;
				GENERATE_INFOPLIST_FILE = YES;
				INFOPLIST_FILE = "Proof/Supporting Files/Info.plist";
				INFOPLIST_KEY_LSApplicationCategoryType = "public.app-category.productivity";
				INFOPLIST_KEY_NSHumanReadableCopyright = "";
				LD_RUNPATH_SEARCH_PATHS = (
					"$(inherited)",
					"@executable_path/../Frameworks",
				);
				MACOSX_DEPLOYMENT_TARGET = 15.0;
				MARKETING_VERSION = 1.0;
				PRODUCT_BUNDLE_IDENTIFIER = mhroshev.Proof;
				PRODUCT_NAME = "$(TARGET_NAME)";
				PROVISIONING_PROFILE_SPECIFIER = "";
				REGISTER_APP_GROUPS = YES;
				STRING_CATALOG_GENERATE_SYMBOLS = YES;
				SWIFT_APPROACHABLE_CONCURRENCY = YES;
				SWIFT_DEFAULT_ACTOR_ISOLATION = MainActor;
				SWIFT_EMIT_LOC_STRINGS = YES;
				SWIFT_UPCOMING_FEATURE_MEMBER_IMPORT_VISIBILITY = YES;
				SWIFT_VERSION = 5.0;
			};
			name = Release;
		};
/* End XCBuildConfiguration section */

/* Begin XCConfigurationList section */
		C695C6642ED5CD2A00D1BEED /* Build configuration list for PBXProject "Proof" */ = {
			isa = XCConfigurationList;
			buildConfigurations = (
				C695C6722ED5CD2B00D1BEED /* Debug */,
				C695C6732ED5CD2B00D1BEED /* Release */,
			);
			defaultConfigurationIsVisible = 0;
			defaultConfigurationName = Release;
		};
		C695C6742ED5CD2B00D1BEED /* Build configuration list for PBXNativeTarget "Proof" */ = {
			isa = XCConfigurationList;
			buildConfigurations = (
				C695C6752ED5CD2B00D1BEED /* Debug */,
				C695C6762ED5CD2B00D1BEED /* Release */,
			);
			defaultConfigurationIsVisible = 0;
			defaultConfigurationName = Release;
		};
/* End XCConfigurationList section */
	};
	rootObject = C695C6612ED5CD2A00D1BEED /* Project object */;
}
